<?xml version="1.0" encoding="UTF-8" standalone="yes" ?>
<CodeBlocks_project_file>
	<FileVersion major="1" minor="6" />
	<Project>
		<Option title="PenjinTwoTypes" />
		<Option pch_mode="2" />
		<Option compiler="linux" />
		<Build>
			<Target title="Lin Debug">
				<Option output="lib/Linux/libPenjinTwoTypesD" prefix_auto="1" extension_auto="1" />
				<Option object_output="obj/Linux/Debug/" />
				<Option type="3" />
				<Option compiler="linux" />
				<Option createDefFile="1" />
				<Option createStaticLib="1" />
				<Compiler>
					<Add option="-g" />
					<Add option="-fPIC" />
					<Add option="-D_DEBUG" />
					<Add option="-D_LINUX" />
					<Add option="-DPLATFORM_PC" />
					<Add option="-DPENJIN_SDL" />
				</Compiler>
				<Linker>
					<Add library="SDL" />
					<Add library="SDL_gfx" />
					<Add library="SDL_image" />
					<Add library="SDL_ttf" />
				</Linker>
			</Target>
			<Target title="Lin Release">
				<Option output="lib/Linux/libPenjinTwoTypes" prefix_auto="1" extension_auto="1" />
				<Option object_output="obj/Linux/Release/" />
				<Option type="3" />
				<Option compiler="linux" />
				<Option createDefFile="1" />
				<Option createStaticLib="1" />
				<Compiler>
					<Add option="-O3" />
					<Add option="-fPIC" />
					<Add option="-D_LINUX" />
					<Add option="-DPLATFORM_PC" />
				</Compiler>
				<Linker>
					<Add option="-s" />
				</Linker>
			</Target>
			<Target title="W32 Debug">
				<Option output="lib/W32/libPenjinTwoD.dll" prefix_auto="1" extension_auto="0" />
				<Option object_output="obj/W32/Debug/" />
				<Option type="3" />
				<Option compiler="mingw" />
				<Option createDefFile="1" />
				<Option createStaticLib="1" />
				<Compiler>
					<Add option="-g" />
					<Add option="-D_DEBUG" />
					<Add option="-D_WIN32" />
					<Add option="-DPLATFORM_PC" />
					<Add directory="$(#mingw.include)" />
				</Compiler>
				<Linker>
					<Add option="--enable-auto-import" />
					<Add library="SDL" />
					<Add library="SDL_gfx" />
					<Add library="SDL_image" />
					<Add library="SDL_ttf" />
					<Add directory="$(#mingw.lib)" />
				</Linker>
			</Target>
			<Target title="W32 Release">
				<Option output="lib/W32/libPenjinTwo.dll" prefix_auto="1" extension_auto="0" />
				<Option object_output="obj/W32/Release/" />
				<Option type="3" />
				<Option compiler="mingw" />
				<Option createDefFile="1" />
				<Option createStaticLib="1" />
				<Compiler>
					<Add option="-O2" />
					<Add option="-D_WIN32" />
					<Add option="-DPLATFORM_PC" />
					<Add directory="$(#mingw.include)" />
				</Compiler>
				<Linker>
					<Add option="-s" />
					<Add library="SDL" />
					<Add library="SDL_image" />
					<Add library="SDL_ttf" />
					<Add library="SDL_gfx" />
					<Add directory="$(#mingw.lib)" />
				</Linker>
			</Target>
			<Target title="Pandora Debug">
				<Option output="lib/Pandora/libPenjinTwoD" prefix_auto="1" extension_auto="1" />
				<Option object_output="obj/Pandora/Debug/" />
				<Option type="3" />
				<Option compiler="pandora" />
				<Option createDefFile="1" />
				<Option createStaticLib="1" />
				<Compiler>
					<Add option="-g" />
					<Add option="-D_DEBUG" />
					<Add option="-DPLATFORM_PANDORA" />
					<Add option="-DPENJIN_SDL_INPUT" />
					<Add directory="$(#pandora_sdk.include)" />
				</Compiler>
				<Linker>
					<Add library="SDL" />
					<Add library="SDL_gfx" />
					<Add library="SDL_image" />
					<Add library="SDL_ttf" />
					<Add directory="$(#pandora_sdk.lib)" />
				</Linker>
			</Target>
			<Target title="Pandora Release">
				<Option output="lib/Pandora/libPenjinTwo" prefix_auto="1" extension_auto="1" />
				<Option object_output="obj/Pandora/Release/" />
				<Option type="3" />
				<Option compiler="pandora" />
				<Option createDefFile="1" />
				<Option createStaticLib="1" />
				<Compiler>
					<Add option="-msoft-float" />
					<Add option="-O3" />
					<Add option="-mcpu=cortex-a8" />
					<Add option="-mfpu=neon" />
					<Add option="-ftree-vectorize" />
					<Add option="-mfloat-abi=softfp" />
					<Add option="-ffast-math" />
					<Add option="-fsingle-precision-constant" />
					<Add option="-DPLATFORM_PANDORA" />
					<Add option="-DPENJIN_SDL_INPUT" />
					<Add directory="$(#pandora_sdk.include)" />
				</Compiler>
				<Linker>
					<Add option="-s" />
					<Add directory="$(#pandora_sdk.lib)" />
				</Linker>
			</Target>
			<Target title="Dingoo Debug">
				<Option output="lib/Dingoo/libPenjinTwoD" prefix_auto="1" extension_auto="1" />
				<Option object_output="obj/Dingoo/Debug/" />
				<Option type="3" />
				<Option compiler="dingoo" />
				<Option createDefFile="1" />
				<Option createStaticLib="1" />
				<Compiler>
					<Add option="-g" />
					<Add option="-D_DEBUG" />
					<Add option="-DPLATFORM_DINGOO" />
					<Add directory="$(#dingoo_sdk.include)" />
				</Compiler>
				<Linker>
					<Add library="SDL" />
					<Add library="SDL_gfx" />
					<Add library="SDL_image" />
					<Add library="SDL_ttf" />
					<Add directory="$(#dingoo_sdk.lib)" />
				</Linker>
			</Target>
			<Target title="Dingoo Release">
				<Option output="lib/Dingoo/libPenjinTwo" prefix_auto="1" extension_auto="1" />
				<Option object_output="obj/Dingoo/Release/" />
				<Option type="3" />
				<Option compiler="dingoo" />
				<Option createDefFile="1" />
				<Option createStaticLib="1" />
				<Compiler>
					<Add option="-msoft-float" />
					<Add option="-O2" />
					<Add option="-fpermissive" />
					<Add option="-DPLATFORM_DINGOO" />
					<Add directory="$(#dingoo_sdk.include)" />
				</Compiler>
				<Linker>
					<Add option="-s" />
					<Add directory="$(#dingoo_sdk.lib)" />
				</Linker>
			</Target>
			<Target title="Wiz Debug">
				<Option output="lib/Wiz/libPenjinTwoD" prefix_auto="1" extension_auto="1" />
				<Option object_output="obj/Wiz/Debug/" />
				<Option type="3" />
				<Option compiler="wiz" />
				<Option createDefFile="1" />
				<Option createStaticLib="1" />
				<Compiler>
					<Add option="-g" />
					<Add option="-D_DEBUG" />
					<Add option="-DPLATFORM_WIZ" />
					<Add directory="$(#wiz_sdk.include)" />
				</Compiler>
				<Linker>
					<Add library="SDL" />
					<Add library="SDL_gfx" />
					<Add library="SDL_image" />
					<Add library="SDL_ttf" />
					<Add directory="$(#wiz_sdk.lib)" />
				</Linker>
			</Target>
			<Target title="Wiz Release">
				<Option output="lib/Wiz/libPenjinTwo" prefix_auto="1" extension_auto="1" />
				<Option object_output="obj/Wiz/Release/" />
				<Option type="3" />
				<Option compiler="wiz" />
				<Option createDefFile="1" />
				<Option createStaticLib="1" />
				<Compiler>
					<Add option="-msoft-float" />
					<Add option="-O2" />
					<Add option="-DPLATFORM_WIZ" />
					<Add directory="$(#wiz_sdk.include)" />
				</Compiler>
				<Linker>
					<Add option="-s" />
					<Add directory="$(#wiz_sdk.lib)" />
				</Linker>
			</Target>
			<Target title="GP2X Debug">
				<Option output="lib/GP2X/libPenjinTwoD" prefix_auto="1" extension_auto="1" />
				<Option object_output="obj/GP2X/Debug/" />
				<Option type="3" />
				<Option compiler="gp2x" />
				<Option createDefFile="1" />
				<Option createStaticLib="1" />
				<Compiler>
					<Add option="-g" />
					<Add option="-D_DEBUG" />
					<Add option="-DPLATFORM_GP2X" />
					<Add directory="$(#gp2x_sdk.include)" />
				</Compiler>
				<Linker>
					<Add library="SDL" />
					<Add library="SDL_gfx" />
					<Add library="SDL_image" />
					<Add library="SDL_ttf" />
					<Add directory="$(#gp2x_sdk.lib)" />
				</Linker>
			</Target>
			<Target title="GP2X Release">
				<Option output="lib/GP2X/libPenjinTwo" prefix_auto="1" extension_auto="1" />
				<Option object_output="obj/GP2X/Release/" />
				<Option type="3" />
				<Option compiler="gp2x" />
				<Option createDefFile="1" />
				<Option createStaticLib="1" />
				<Compiler>
					<Add option="-msoft-float" />
					<Add option="-O2" />
					<Add option="-DPLATFORM_GP2X" />
					<Add directory="$(#gp2x_sdk.include)" />
				</Compiler>
				<Linker>
					<Add option="-s" />
					<Add directory="$(#gp2x_sdk.lib)" />
				</Linker>
			</Target>
			<Target title="Caanoo Debug">
				<Option output="lib/Caanoo/libPenjinTwoD" prefix_auto="1" extension_auto="1" />
				<Option object_output="obj/Caanoo/Debug/" />
				<Option type="3" />
				<Option compiler="caanoo" />
				<Option createDefFile="1" />
				<Option createStaticLib="1" />
				<Compiler>
					<Add option="-g" />
					<Add option="-D_DEBUG" />
					<Add option="-DPLATFORM_CAANOO" />
					<Add directory="$(#caanoo_sdk.include)" />
				</Compiler>
				<Linker>
					<Add library="SDL" />
					<Add library="SDL_gfx" />
					<Add library="SDL_image" />
					<Add library="SDL_ttf" />
					<Add directory="$(#caanoo_sdk.lib)" />
				</Linker>
			</Target>
			<Target title="Caanoo Release">
				<Option output="lib/Caanoo/libPenjinTwo" prefix_auto="1" extension_auto="1" />
				<Option object_output="obj/Caanoo/Release/" />
				<Option type="3" />
				<Option compiler="caanoo" />
				<Option createDefFile="1" />
				<Option createStaticLib="1" />
				<Compiler>
					<Add option="-msoft-float" />
					<Add option="-O2" />
					<Add option="-DPLATFORM_CAANOO" />
					<Add directory="$(#caanoo_sdk.include)" />
				</Compiler>
				<Linker>
					<Add option="-s" />
					<Add library="SDL" />
					<Add library="SDL_gfx" />
					<Add library="SDL_image" />
					<Add library="SDL_ttf" />
					<Add library="libc" />
					<Add directory="$(#caanoo_sdk.lib)" />
				</Linker>
			</Target>
		</Build>
		<Compiler>
			<Add option="-O3" />
			<Add option="-Wall" />
			<Add option="-g" />
			<Add option="-fexceptions" />
		</Compiler>
		<Unit filename="include/FileObject.cpp" />
		<Unit filename="include/FileObject.h" />
		<Unit filename="include/Object.cpp" />
		<Unit filename="include/Object.h" />
		<Unit filename="include/PenjinTypes.h" />
		<Unit filename="include/Singleton.h" />
		<Unit filename="include/UpdateObject.cpp" />
		<Unit filename="include/UpdateObject.h" />
		<Unit filename="include/Vector1d.h" />
		<Unit filename="include/Vector2d.h" />
		<Unit filename="include/Vector3d.h" />
		<Extensions>
			<code_completion />
			<envvars />
			<lib_finder disable_auto="1" />
			<debugger />
		</Extensions>
	</Project>
</CodeBlocks_project_file>
